// !$*UTF8*$!
{
	archiveVersion = 1;
	classes = {
	};
	objectVersion = 50;
	objects = {

/* Begin PBXBuildFile section */
		2120B61620DF38850079CC8D /* CHChemistryTableVC.m in Sources */ = {isa = PBXBuildFile; fileRef = 2120B61420DF38850079CC8D /* CHChemistryTableVC.m */; };
		218849B720B17B450021BA95 /* AppDelegate.m in Sources */ = {isa = PBXBuildFile; fileRef = 218849B620B17B450021BA95 /* AppDelegate.m */; };
		218849BD20B17B450021BA95 /* Main.storyboard in Resources */ = {isa = PBXBuildFile; fileRef = 218849BB20B17B450021BA95 /* Main.storyboard */; };
		218849BF20B17B470021BA95 /* Assets.xcassets in Resources */ = {isa = PBXBuildFile; fileRef = 218849BE20B17B470021BA95 /* Assets.xcassets */; };
		218849C220B17B470021BA95 /* LaunchScreen.storyboard in Resources */ = {isa = PBXBuildFile; fileRef = 218849C020B17B470021BA95 /* LaunchScreen.storyboard */; };
		218849C520B17B470021BA95 /* main.m in Sources */ = {isa = PBXBuildFile; fileRef = 218849C420B17B470021BA95 /* main.m */; };
		21884A0420B1E4C00021BA95 /* CHLocalizable.strings in Resources */ = {isa = PBXBuildFile; fileRef = 21884A0320B1E4C00021BA95 /* CHLocalizable.strings */; };
		218C5E8320BE7CC000486265 /* CHBalanceViewModel.m in Sources */ = {isa = PBXBuildFile; fileRef = 218C5E5120BE7CC000486265 /* CHBalanceViewModel.m */; };
		218C5E8420BE7CC000486265 /* CHEquationInputViewModel.m in Sources */ = {isa = PBXBuildFile; fileRef = 218C5E5420BE7CC000486265 /* CHEquationInputViewModel.m */; };
		218C5E8520BE7CC000486265 /* CHChemistryCollectionViewCell.m in Sources */ = {isa = PBXBuildFile; fileRef = 218C5E5620BE7CC000486265 /* CHChemistryCollectionViewCell.m */; };
		218C5E8620BE7CC000486265 /* CHBalanceViewController.m in Sources */ = {isa = PBXBuildFile; fileRef = 218C5E5820BE7CC000486265 /* CHBalanceViewController.m */; };
		218C5E8720BE7CC000486265 /* CHEquationInputView.m in Sources */ = {isa = PBXBuildFile; fileRef = 218C5E5B20BE7CC000486265 /* CHEquationInputView.m */; };
		218C5E8820BE7CC000486265 /* CHBaseViewModel.m in Sources */ = {isa = PBXBuildFile; fileRef = 218C5E5F20BE7CC000486265 /* CHBaseViewModel.m */; };
		218C5E8920BE7CC000486265 /* CHBaseView.m in Sources */ = {isa = PBXBuildFile; fileRef = 218C5E6120BE7CC000486265 /* CHBaseView.m */; };
		218C5E8A20BE7CC000486265 /* CHBaseCollectionViewCell.m in Sources */ = {isa = PBXBuildFile; fileRef = 218C5E6220BE7CC000486265 /* CHBaseCollectionViewCell.m */; };
		218C5E8B20BE7CC000486265 /* CHBaseViewController.m in Sources */ = {isa = PBXBuildFile; fileRef = 218C5E6320BE7CC000486265 /* CHBaseViewController.m */; };
		218C5E8C20BE7CC000486265 /* TopmostView.m in Sources */ = {isa = PBXBuildFile; fileRef = 218C5E6A20BE7CC000486265 /* TopmostView.m */; };
		218C5E8D20BE7CC000486265 /* CHToast.m in Sources */ = {isa = PBXBuildFile; fileRef = 218C5E6C20BE7CC000486265 /* CHToast.m */; };
		218C5E8E20BE7CC000486265 /* UIImage+CHColors.m in Sources */ = {isa = PBXBuildFile; fileRef = 218C5E6F20BE7CC000486265 /* UIImage+CHColors.m */; };
		218C5E8F20BE7CC000486265 /* UIFont+CHFonts.m in Sources */ = {isa = PBXBuildFile; fileRef = 218C5E7220BE7CC000486265 /* UIFont+CHFonts.m */; };
		218C5E9120BE7CC000486265 /* UIColor+CHColors.m in Sources */ = {isa = PBXBuildFile; fileRef = 218C5E7520BE7CC000486265 /* UIColor+CHColors.m */; };
		218C5E9220BE7CC000486265 /* CHEquationManager.m in Sources */ = {isa = PBXBuildFile; fileRef = 218C5E7920BE7CC000486265 /* CHEquationManager.m */; };
		218C5E9320BE7CC000486265 /* CHEquationObj.m in Sources */ = {isa = PBXBuildFile; fileRef = 218C5E7D20BE7CC000486265 /* CHEquationObj.m */; };
		218C5E9420BE7CC000486265 /* CHClickableElement.m in Sources */ = {isa = PBXBuildFile; fileRef = 218C5E8020BE7CC000486265 /* CHClickableElement.m */; };
		218C5E9820BE861F00486265 /* CHEquationBalance.m in Sources */ = {isa = PBXBuildFile; fileRef = 218C5E9720BE861F00486265 /* CHEquationBalance.m */; };
		21BDBECE2101F4C000CFCC57 /* CHHelpContainerViewController.m in Sources */ = {isa = PBXBuildFile; fileRef = 21BDBECD2101F4C000CFCC57 /* CHHelpContainerViewController.m */; };
		21BDBED22101F60700CFCC57 /* CHContainerTopBar.m in Sources */ = {isa = PBXBuildFile; fileRef = 21BDBED12101F60700CFCC57 /* CHContainerTopBar.m */; };
		21BDBED52101F74800CFCC57 /* CHViewContainerView.m in Sources */ = {isa = PBXBuildFile; fileRef = 21BDBED42101F74700CFCC57 /* CHViewContainerView.m */; };
		21BDBED82101F79500CFCC57 /* CHControllerContainerView.m in Sources */ = {isa = PBXBuildFile; fileRef = 21BDBED72101F79500CFCC57 /* CHControllerContainerView.m */; };
		21BDBEDB2101F7FB00CFCC57 /* CHHelpViewController.m in Sources */ = {isa = PBXBuildFile; fileRef = 21BDBEDA2101F7FB00CFCC57 /* CHHelpViewController.m */; };
		21BDBEF721023FD000CFCC57 /* help1.pdf in Resources */ = {isa = PBXBuildFile; fileRef = 21BDBEF621023FD000CFCC57 /* help1.pdf */; };
		21BDBEF92102411200CFCC57 /* help3.pdf in Resources */ = {isa = PBXBuildFile; fileRef = 21BDBEF82102411200CFCC57 /* help3.pdf */; };
		21BDBEFB2102413000CFCC57 /* help2.pdf in Resources */ = {isa = PBXBuildFile; fileRef = 21BDBEFA2102413000CFCC57 /* help2.pdf */; };
		21EEF61220FDFCBE00B92300 /* GaussSeidelTool.cpp in Sources */ = {isa = PBXBuildFile; fileRef = 21EEF61020FDFCBE00B92300 /* GaussSeidelTool.cpp */; };
		97F8E8062C0B82BFE695F8E2 /* libPods-balance.a in Frameworks */ = {isa = PBXBuildFile; fileRef = A6A82DF8A0B9B34546D28F89 /* libPods-balance.a */; };
/* End PBXBuildFile section */

/* Begin PBXFileReference section */
		2120B61320DF38850079CC8D /* CHChemistryTableVC.h */ = {isa = PBXFileReference; lastKnownFileType = sourcecode.c.h; path = CHChemistryTableVC.h; sourceTree = "<group>"; };
		2120B61420DF38850079CC8D /* CHChemistryTableVC.m */ = {isa = PBXFileReference; lastKnownFileType = sourcecode.c.objc; path = CHChemistryTableVC.m; sourceTree = "<group>"; };
		218849B220B17B450021BA95 /* balance.app */ = {isa = PBXFileReference; explicitFileType = wrapper.application; includeInIndex = 0; path = balance.app; sourceTree = BUILT_PRODUCTS_DIR; };
		218849B520B17B450021BA95 /* AppDelegate.h */ = {isa = PBXFileReference; lastKnownFileType = sourcecode.c.h; path = AppDelegate.h; sourceTree = "<group>"; };
		218849B620B17B450021BA95 /* AppDelegate.m */ = {isa = PBXFileReference; lastKnownFileType = sourcecode.c.objc; path = AppDelegate.m; sourceTree = "<group>"; };
		218849BC20B17B450021BA95 /* Base */ = {isa = PBXFileReference; lastKnownFileType = file.storyboard; name = Base; path = Base.lproj/Main.storyboard; sourceTree = "<group>"; };
		218849BE20B17B470021BA95 /* Assets.xcassets */ = {isa = PBXFileReference; lastKnownFileType = folder.assetcatalog; path = Assets.xcassets; sourceTree = "<group>"; };
		218849C120B17B470021BA95 /* Base */ = {isa = PBXFileReference; lastKnownFileType = file.storyboard; name = Base; path = Base.lproj/LaunchScreen.storyboard; sourceTree = "<group>"; };
		218849C320B17B470021BA95 /* Info.plist */ = {isa = PBXFileReference; lastKnownFileType = text.plist.xml; path = Info.plist; sourceTree = "<group>"; };
		218849C420B17B470021BA95 /* main.m */ = {isa = PBXFileReference; lastKnownFileType = sourcecode.c.objc; path = main.m; sourceTree = "<group>"; };
		218849E120B17FE90021BA95 /* balance-Prefix.pch */ = {isa = PBXFileReference; lastKnownFileType = sourcecode.c.h; path = "balance-Prefix.pch"; sourceTree = "<group>"; };
		21884A0320B1E4C00021BA95 /* CHLocalizable.strings */ = {isa = PBXFileReference; lastKnownFileType = text.plist.strings; path = CHLocalizable.strings; sourceTree = "<group>"; };
		21884A0520B1E4D30021BA95 /* CHMacros.h */ = {isa = PBXFileReference; lastKnownFileType = sourcecode.c.h; path = CHMacros.h; sourceTree = "<group>"; };
		218C5E5120BE7CC000486265 /* CHBalanceViewModel.m */ = {isa = PBXFileReference; fileEncoding = 4; lastKnownFileType = sourcecode.c.objc; path = CHBalanceViewModel.m; sourceTree = "<group>"; };
		218C5E5220BE7CC000486265 /* CHEquationInputViewModel.h */ = {isa = PBXFileReference; fileEncoding = 4; lastKnownFileType = sourcecode.c.h; path = CHEquationInputViewModel.h; sourceTree = "<group>"; };
		218C5E5320BE7CC000486265 /* CHBalanceViewModel.h */ = {isa = PBXFileReference; fileEncoding = 4; lastKnownFileType = sourcecode.c.h; path = CHBalanceViewModel.h; sourceTree = "<group>"; };
		218C5E5420BE7CC000486265 /* CHEquationInputViewModel.m */ = {isa = PBXFileReference; fileEncoding = 4; lastKnownFileType = sourcecode.c.objc; path = CHEquationInputViewModel.m; sourceTree = "<group>"; };
		218C5E5620BE7CC000486265 /* CHChemistryCollectionViewCell.m */ = {isa = PBXFileReference; fileEncoding = 4; lastKnownFileType = sourcecode.c.objc; path = CHChemistryCollectionViewCell.m; sourceTree = "<group>"; };
		218C5E5720BE7CC000486265 /* CHEquationInputView.h */ = {isa = PBXFileReference; fileEncoding = 4; lastKnownFileType = sourcecode.c.h; path = CHEquationInputView.h; sourceTree = "<group>"; };
		218C5E5820BE7CC000486265 /* CHBalanceViewController.m */ = {isa = PBXFileReference; fileEncoding = 4; lastKnownFileType = sourcecode.c.objc; path = CHBalanceViewController.m; sourceTree = "<group>"; };
		218C5E5920BE7CC000486265 /* CHChemistryCollectionViewCell.h */ = {isa = PBXFileReference; fileEncoding = 4; lastKnownFileType = sourcecode.c.h; path = CHChemistryCollectionViewCell.h; sourceTree = "<group>"; };
		218C5E5A20BE7CC000486265 /* CHBalanceViewController.h */ = {isa = PBXFileReference; fileEncoding = 4; lastKnownFileType = sourcecode.c.h; path = CHBalanceViewController.h; sourceTree = "<group>"; };
		218C5E5B20BE7CC000486265 /* CHEquationInputView.m */ = {isa = PBXFileReference; fileEncoding = 4; lastKnownFileType = sourcecode.c.objc; path = CHEquationInputView.m; sourceTree = "<group>"; };
		218C5E5E20BE7CC000486265 /* CHBaseViewModel.h */ = {isa = PBXFileReference; fileEncoding = 4; lastKnownFileType = sourcecode.c.h; path = CHBaseViewModel.h; sourceTree = "<group>"; };
		218C5E5F20BE7CC000486265 /* CHBaseViewModel.m */ = {isa = PBXFileReference; fileEncoding = 4; lastKnownFileType = sourcecode.c.objc; path = CHBaseViewModel.m; sourceTree = "<group>"; };
		218C5E6120BE7CC000486265 /* CHBaseView.m */ = {isa = PBXFileReference; fileEncoding = 4; lastKnownFileType = sourcecode.c.objc; path = CHBaseView.m; sourceTree = "<group>"; };
		218C5E6220BE7CC000486265 /* CHBaseCollectionViewCell.m */ = {isa = PBXFileReference; fileEncoding = 4; lastKnownFileType = sourcecode.c.objc; path = CHBaseCollectionViewCell.m; sourceTree = "<group>"; };
		218C5E6320BE7CC000486265 /* CHBaseViewController.m */ = {isa = PBXFileReference; fileEncoding = 4; lastKnownFileType = sourcecode.c.objc; path = CHBaseViewController.m; sourceTree = "<group>"; };
		218C5E6420BE7CC000486265 /* CHBaseView.h */ = {isa = PBXFileReference; fileEncoding = 4; lastKnownFileType = sourcecode.c.h; path = CHBaseView.h; sourceTree = "<group>"; };
		218C5E6520BE7CC000486265 /* CHBaseViewController.h */ = {isa = PBXFileReference; fileEncoding = 4; lastKnownFileType = sourcecode.c.h; path = CHBaseViewController.h; sourceTree = "<group>"; };
		218C5E6620BE7CC000486265 /* CHBaseCollectionViewCell.h */ = {isa = PBXFileReference; fileEncoding = 4; lastKnownFileType = sourcecode.c.h; path = CHBaseCollectionViewCell.h; sourceTree = "<group>"; };
		218C5E6920BE7CC000486265 /* CHToast.h */ = {isa = PBXFileReference; fileEncoding = 4; lastKnownFileType = sourcecode.c.h; path = CHToast.h; sourceTree = "<group>"; };
		218C5E6A20BE7CC000486265 /* TopmostView.m */ = {isa = PBXFileReference; fileEncoding = 4; lastKnownFileType = sourcecode.c.objc; path = TopmostView.m; sourceTree = "<group>"; };
		218C5E6B20BE7CC000486265 /* TopmostView.h */ = {isa = PBXFileReference; fileEncoding = 4; lastKnownFileType = sourcecode.c.h; path = TopmostView.h; sourceTree = "<group>"; };
		218C5E6C20BE7CC000486265 /* CHToast.m */ = {isa = PBXFileReference; fileEncoding = 4; lastKnownFileType = sourcecode.c.objc; path = CHToast.m; sourceTree = "<group>"; };
		218C5E6F20BE7CC000486265 /* UIImage+CHColors.m */ = {isa = PBXFileReference; fileEncoding = 4; lastKnownFileType = sourcecode.c.objc; path = "UIImage+CHColors.m"; sourceTree = "<group>"; };
		218C5E7020BE7CC000486265 /* UIColor+CHColors.h */ = {isa = PBXFileReference; fileEncoding = 4; lastKnownFileType = sourcecode.c.h; path = "UIColor+CHColors.h"; sourceTree = "<group>"; };
		218C5E7220BE7CC000486265 /* UIFont+CHFonts.m */ = {isa = PBXFileReference; fileEncoding = 4; lastKnownFileType = sourcecode.c.objc; path = "UIFont+CHFonts.m"; sourceTree = "<group>"; };
		218C5E7320BE7CC000486265 /* UIImage+CHColors.h */ = {isa = PBXFileReference; fileEncoding = 4; lastKnownFileType = sourcecode.c.h; path = "UIImage+CHColors.h"; sourceTree = "<group>"; };
		218C5E7520BE7CC000486265 /* UIColor+CHColors.m */ = {isa = PBXFileReference; fileEncoding = 4; lastKnownFileType = sourcecode.c.objc; path = "UIColor+CHColors.m"; sourceTree = "<group>"; };
		218C5E7620BE7CC000486265 /* UIFont+CHFonts.h */ = {isa = PBXFileReference; fileEncoding = 4; lastKnownFileType = sourcecode.c.h; path = "UIFont+CHFonts.h"; sourceTree = "<group>"; };
		218C5E7920BE7CC000486265 /* CHEquationManager.m */ = {isa = PBXFileReference; fileEncoding = 4; lastKnownFileType = sourcecode.c.objc; path = CHEquationManager.m; sourceTree = "<group>"; };
		218C5E7A20BE7CC000486265 /* CHEquationManager.h */ = {isa = PBXFileReference; fileEncoding = 4; lastKnownFileType = sourcecode.c.h; path = CHEquationManager.h; sourceTree = "<group>"; };
		218C5E7D20BE7CC000486265 /* CHEquationObj.m */ = {isa = PBXFileReference; fileEncoding = 4; lastKnownFileType = sourcecode.c.objc; path = CHEquationObj.m; sourceTree = "<group>"; };
		218C5E7E20BE7CC000486265 /* CHEquationObj.h */ = {isa = PBXFileReference; fileEncoding = 4; lastKnownFileType = sourcecode.c.h; path = CHEquationObj.h; sourceTree = "<group>"; };
		218C5E8020BE7CC000486265 /* CHClickableElement.m */ = {isa = PBXFileReference; fileEncoding = 4; lastKnownFileType = sourcecode.c.objc; path = CHClickableElement.m; sourceTree = "<group>"; };
		218C5E8120BE7CC000486265 /* CHClickableElement.h */ = {isa = PBXFileReference; fileEncoding = 4; lastKnownFileType = sourcecode.c.h; path = CHClickableElement.h; sourceTree = "<group>"; };
		218C5E9620BE861F00486265 /* CHEquationBalance.h */ = {isa = PBXFileReference; lastKnownFileType = sourcecode.c.h; path = CHEquationBalance.h; sourceTree = "<group>"; };
		218C5E9720BE861F00486265 /* CHEquationBalance.m */ = {isa = PBXFileReference; lastKnownFileType = sourcecode.c.objc; path = CHEquationBalance.m; sourceTree = "<group>"; };
		21BDBECC2101F4C000CFCC57 /* CHHelpContainerViewController.h */ = {isa = PBXFileReference; lastKnownFileType = sourcecode.c.h; path = CHHelpContainerViewController.h; sourceTree = "<group>"; };
		21BDBECD2101F4C000CFCC57 /* CHHelpContainerViewController.m */ = {isa = PBXFileReference; lastKnownFileType = sourcecode.c.objc; path = CHHelpContainerViewController.m; sourceTree = "<group>"; };
		21BDBED02101F60700CFCC57 /* CHContainerTopBar.h */ = {isa = PBXFileReference; lastKnownFileType = sourcecode.c.h; path = CHContainerTopBar.h; sourceTree = "<group>"; };
		21BDBED12101F60700CFCC57 /* CHContainerTopBar.m */ = {isa = PBXFileReference; lastKnownFileType = sourcecode.c.objc; path = CHContainerTopBar.m; sourceTree = "<group>"; };
		21BDBED32101F74700CFCC57 /* CHViewContainerView.h */ = {isa = PBXFileReference; lastKnownFileType = sourcecode.c.h; path = CHViewContainerView.h; sourceTree = "<group>"; };
		21BDBED42101F74700CFCC57 /* CHViewContainerView.m */ = {isa = PBXFileReference; lastKnownFileType = sourcecode.c.objc; path = CHViewContainerView.m; sourceTree = "<group>"; };
		21BDBED62101F79500CFCC57 /* CHControllerContainerView.h */ = {isa = PBXFileReference; lastKnownFileType = sourcecode.c.h; path = CHControllerContainerView.h; sourceTree = "<group>"; };
		21BDBED72101F79500CFCC57 /* CHControllerContainerView.m */ = {isa = PBXFileReference; lastKnownFileType = sourcecode.c.objc; path = CHControllerContainerView.m; sourceTree = "<group>"; };
		21BDBED92101F7FB00CFCC57 /* CHHelpViewController.h */ = {isa = PBXFileReference; lastKnownFileType = sourcecode.c.h; path = CHHelpViewController.h; sourceTree = "<group>"; };
		21BDBEDA2101F7FB00CFCC57 /* CHHelpViewController.m */ = {isa = PBXFileReference; lastKnownFileType = sourcecode.c.objc; path = CHHelpViewController.m; sourceTree = "<group>"; };
		21BDBEF621023FD000CFCC57 /* help1.pdf */ = {isa = PBXFileReference; lastKnownFileType = image.pdf; path = help1.pdf; sourceTree = "<group>"; };
		21BDBEF82102411200CFCC57 /* help3.pdf */ = {isa = PBXFileReference; lastKnownFileType = image.pdf; path = help3.pdf; sourceTree = "<group>"; };
		21BDBEFA2102413000CFCC57 /* help2.pdf */ = {isa = PBXFileReference; lastKnownFileType = image.pdf; path = help2.pdf; sourceTree = "<group>"; };
		21EEF61020FDFCBE00B92300 /* GaussSeidelTool.cpp */ = {isa = PBXFileReference; lastKnownFileType = sourcecode.cpp.cpp; path = GaussSeidelTool.cpp; sourceTree = "<group>"; };
		21EEF61120FDFCBE00B92300 /* GaussSeidelTool.hpp */ = {isa = PBXFileReference; lastKnownFileType = sourcecode.cpp.h; path = GaussSeidelTool.hpp; sourceTree = "<group>"; };
		802C5E3FF81DB0651A59162F /* Pods-balance.release.xcconfig */ = {isa = PBXFileReference; includeInIndex = 1; lastKnownFileType = text.xcconfig; name = "Pods-balance.release.xcconfig"; path = "Pods/Target Support Files/Pods-balance/Pods-balance.release.xcconfig"; sourceTree = "<group>"; };
		A6A82DF8A0B9B34546D28F89 /* libPods-balance.a */ = {isa = PBXFileReference; explicitFileType = archive.ar; includeInIndex = 0; path = "libPods-balance.a"; sourceTree = BUILT_PRODUCTS_DIR; };
		DDEC3954E15E9918D03C459A /* Pods-balance.debug.xcconfig */ = {isa = PBXFileReference; includeInIndex = 1; lastKnownFileType = text.xcconfig; name = "Pods-balance.debug.xcconfig"; path = "Pods/Target Support Files/Pods-balance/Pods-balance.debug.xcconfig"; sourceTree = "<group>"; };
/* End PBXFileReference section */

/* Begin PBXFrameworksBuildPhase section */
		218849AF20B17B450021BA95 /* Frameworks */ = {
			isa = PBXFrameworksBuildPhase;
			buildActionMask = 2147483647;
			files = (
				97F8E8062C0B82BFE695F8E2 /* libPods-balance.a in Frameworks */,
			);
			runOnlyForDeploymentPostprocessing = 0;
		};
/* End PBXFrameworksBuildPhase section */

/* Begin PBXGroup section */
		1B4C06E1A6CB3EBE6CC84142 /* Pods */ = {
			isa = PBXGroup;
			children = (
				DDEC3954E15E9918D03C459A /* Pods-balance.debug.xcconfig */,
				802C5E3FF81DB0651A59162F /* Pods-balance.release.xcconfig */,
			);
			name = Pods;
			sourceTree = "<group>";
		};
		2120B61120DF383E0079CC8D /* ChemistryTable */ = {
			isa = PBXGroup;
			children = (
				2120B61220DF383E0079CC8D /* View */,
			);
			path = ChemistryTable;
			sourceTree = "<group>";
		};
		2120B61220DF383E0079CC8D /* View */ = {
			isa = PBXGroup;
			children = (
				2120B61320DF38850079CC8D /* CHChemistryTableVC.h */,
				2120B61420DF38850079CC8D /* CHChemistryTableVC.m */,
			);
			path = View;
			sourceTree = "<group>";
		};
		218849A920B17B450021BA95 = {
			isa = PBXGroup;
			children = (
				218849B420B17B450021BA95 /* balance */,
				218849B320B17B450021BA95 /* Products */,
				1B4C06E1A6CB3EBE6CC84142 /* Pods */,
				7AD76CE5513791CAF6736625 /* Frameworks */,
			);
			sourceTree = "<group>";
		};
		218849B320B17B450021BA95 /* Products */ = {
			isa = PBXGroup;
			children = (
				218849B220B17B450021BA95 /* balance.app */,
			);
			name = Products;
			sourceTree = "<group>";
		};
		218849B420B17B450021BA95 /* balance */ = {
			isa = PBXGroup;
			children = (
				21BDBEF521023FC500CFCC57 /* Data */,
				218C5E4D20BE7CC000486265 /* Classes */,
				218849B520B17B450021BA95 /* AppDelegate.h */,
				218849B620B17B450021BA95 /* AppDelegate.m */,
				21884A0520B1E4D30021BA95 /* CHMacros.h */,
				218849E120B17FE90021BA95 /* balance-Prefix.pch */,
				21884A0320B1E4C00021BA95 /* CHLocalizable.strings */,
				218849BB20B17B450021BA95 /* Main.storyboard */,
				218849BE20B17B470021BA95 /* Assets.xcassets */,
				218849C020B17B470021BA95 /* LaunchScreen.storyboard */,
				218849C320B17B470021BA95 /* Info.plist */,
				218849C420B17B470021BA95 /* main.m */,
			);
			path = balance;
			sourceTree = "<group>";
		};
		218C5E4D20BE7CC000486265 /* Classes */ = {
			isa = PBXGroup;
			children = (
				218C5E4E20BE7CC000486265 /* UI */,
				218C5E6720BE7CC000486265 /* Tools */,
				218C5E6D20BE7CC000486265 /* Category */,
			);
			path = Classes;
			sourceTree = "<group>";
		};
		218C5E4E20BE7CC000486265 /* UI */ = {
			isa = PBXGroup;
			children = (
				21BDBECA2101F46800CFCC57 /* Help */,
				2120B61120DF383E0079CC8D /* ChemistryTable */,
				218C5E7720BE7CC000486265 /* Singleton */,
				218C5E7B20BE7CC000486265 /* Model */,
				218C5E4F20BE7CC000486265 /* Balance */,
				218C5E5C20BE7CC000486265 /* Base */,
			);
			path = UI;
			sourceTree = "<group>";
		};
		218C5E4F20BE7CC000486265 /* Balance */ = {
			isa = PBXGroup;
			children = (
				218C5E5020BE7CC000486265 /* ViewModel */,
				218C5E5520BE7CC000486265 /* View */,
			);
			path = Balance;
			sourceTree = "<group>";
		};
		218C5E5020BE7CC000486265 /* ViewModel */ = {
			isa = PBXGroup;
			children = (
				218C5E5220BE7CC000486265 /* CHEquationInputViewModel.h */,
				218C5E5420BE7CC000486265 /* CHEquationInputViewModel.m */,
				218C5E5320BE7CC000486265 /* CHBalanceViewModel.h */,
				218C5E5120BE7CC000486265 /* CHBalanceViewModel.m */,
			);
			path = ViewModel;
			sourceTree = "<group>";
		};
		218C5E5520BE7CC000486265 /* View */ = {
			isa = PBXGroup;
			children = (
				218C5E5720BE7CC000486265 /* CHEquationInputView.h */,
				218C5E5B20BE7CC000486265 /* CHEquationInputView.m */,
				218C5E5920BE7CC000486265 /* CHChemistryCollectionViewCell.h */,
				218C5E5620BE7CC000486265 /* CHChemistryCollectionViewCell.m */,
				218C5E5A20BE7CC000486265 /* CHBalanceViewController.h */,
				218C5E5820BE7CC000486265 /* CHBalanceViewController.m */,
			);
			path = View;
			sourceTree = "<group>";
		};
		218C5E5C20BE7CC000486265 /* Base */ = {
			isa = PBXGroup;
			children = (
				218C5E5D20BE7CC000486265 /* ViewModel */,
				218C5E6020BE7CC000486265 /* View */,
			);
			path = Base;
			sourceTree = "<group>";
		};
		218C5E5D20BE7CC000486265 /* ViewModel */ = {
			isa = PBXGroup;
			children = (
				218C5E5E20BE7CC000486265 /* CHBaseViewModel.h */,
				218C5E5F20BE7CC000486265 /* CHBaseViewModel.m */,
			);
			path = ViewModel;
			sourceTree = "<group>";
		};
		218C5E6020BE7CC000486265 /* View */ = {
			isa = PBXGroup;
			children = (
				218C5E6420BE7CC000486265 /* CHBaseView.h */,
				218C5E6120BE7CC000486265 /* CHBaseView.m */,
				218C5E6620BE7CC000486265 /* CHBaseCollectionViewCell.h */,
				218C5E6220BE7CC000486265 /* CHBaseCollectionViewCell.m */,
				218C5E6520BE7CC000486265 /* CHBaseViewController.h */,
				218C5E6320BE7CC000486265 /* CHBaseViewController.m */,
			);
			path = View;
			sourceTree = "<group>";
		};
		218C5E6720BE7CC000486265 /* Tools */ = {
			isa = PBXGroup;
			children = (
				21BDBECF2101F5F100CFCC57 /* Container */,
				218C5E9520BE860F00486265 /* Equation */,
				218C5E6820BE7CC000486265 /* Toast */,
			);
			path = Tools;
			sourceTree = "<group>";
		};
		218C5E6820BE7CC000486265 /* Toast */ = {
			isa = PBXGroup;
			children = (
				218C5E6920BE7CC000486265 /* CHToast.h */,
				218C5E6C20BE7CC000486265 /* CHToast.m */,
				218C5E6B20BE7CC000486265 /* TopmostView.h */,
				218C5E6A20BE7CC000486265 /* TopmostView.m */,
			);
			path = Toast;
			sourceTree = "<group>";
		};
		218C5E6D20BE7CC000486265 /* Category */ = {
			isa = PBXGroup;
			children = (
				218C5E6E20BE7CC000486265 /* Color */,
			);
			path = Category;
			sourceTree = "<group>";
		};
		218C5E6E20BE7CC000486265 /* Color */ = {
			isa = PBXGroup;
			children = (
				218C5E7020BE7CC000486265 /* UIColor+CHColors.h */,
				218C5E7520BE7CC000486265 /* UIColor+CHColors.m */,
				218C5E7320BE7CC000486265 /* UIImage+CHColors.h */,
				218C5E6F20BE7CC000486265 /* UIImage+CHColors.m */,
				218C5E7620BE7CC000486265 /* UIFont+CHFonts.h */,
				218C5E7220BE7CC000486265 /* UIFont+CHFonts.m */,
			);
			path = Color;
			sourceTree = "<group>";
		};
		218C5E7720BE7CC000486265 /* Singleton */ = {
			isa = PBXGroup;
			children = (
				218C5E7820BE7CC000486265 /* Equation */,
			);
			path = Singleton;
			sourceTree = "<group>";
		};
		218C5E7820BE7CC000486265 /* Equation */ = {
			isa = PBXGroup;
			children = (
				218C5E7A20BE7CC000486265 /* CHEquationManager.h */,
				218C5E7920BE7CC000486265 /* CHEquationManager.m */,
			);
			path = Equation;
			sourceTree = "<group>";
		};
		218C5E7B20BE7CC000486265 /* Model */ = {
			isa = PBXGroup;
			children = (
				218C5E7C20BE7CC000486265 /* Equation */,
				218C5E7F20BE7CC000486265 /* Element */,
				218C5E8220BE7CC000486265 /* Base */,
			);
			path = Model;
			sourceTree = "<group>";
		};
		218C5E7C20BE7CC000486265 /* Equation */ = {
			isa = PBXGroup;
			children = (
				218C5E7E20BE7CC000486265 /* CHEquationObj.h */,
				218C5E7D20BE7CC000486265 /* CHEquationObj.m */,
			);
			path = Equation;
			sourceTree = "<group>";
		};
		218C5E7F20BE7CC000486265 /* Element */ = {
			isa = PBXGroup;
			children = (
				218C5E8120BE7CC000486265 /* CHClickableElement.h */,
				218C5E8020BE7CC000486265 /* CHClickableElement.m */,
			);
			path = Element;
			sourceTree = "<group>";
		};
		218C5E8220BE7CC000486265 /* Base */ = {
			isa = PBXGroup;
			children = (
			);
			path = Base;
			sourceTree = "<group>";
		};
		218C5E9520BE860F00486265 /* Equation */ = {
			isa = PBXGroup;
			children = (
				218C5E9620BE861F00486265 /* CHEquationBalance.h */,
				218C5E9720BE861F00486265 /* CHEquationBalance.m */,
				21EEF61020FDFCBE00B92300 /* GaussSeidelTool.cpp */,
				21EEF61120FDFCBE00B92300 /* GaussSeidelTool.hpp */,
			);
			path = Equation;
			sourceTree = "<group>";
		};
		21BDBECA2101F46800CFCC57 /* Help */ = {
			isa = PBXGroup;
			children = (
				21BDBECB2101F46800CFCC57 /* View */,
			);
			path = Help;
			sourceTree = "<group>";
		};
		21BDBECB2101F46800CFCC57 /* View */ = {
			isa = PBXGroup;
			children = (
				21BDBECC2101F4C000CFCC57 /* CHHelpContainerViewController.h */,
				21BDBECD2101F4C000CFCC57 /* CHHelpContainerViewController.m */,
				21BDBED92101F7FB00CFCC57 /* CHHelpViewController.h */,
				21BDBEDA2101F7FB00CFCC57 /* CHHelpViewController.m */,
			);
			path = View;
			sourceTree = "<group>";
		};
		21BDBECF2101F5F100CFCC57 /* Container */ = {
			isa = PBXGroup;
			children = (
				21BDBED02101F60700CFCC57 /* CHContainerTopBar.h */,
				21BDBED12101F60700CFCC57 /* CHContainerTopBar.m */,
				21BDBED32101F74700CFCC57 /* CHViewContainerView.h */,
				21BDBED42101F74700CFCC57 /* CHViewContainerView.m */,
				21BDBED62101F79500CFCC57 /* CHControllerContainerView.h */,
				21BDBED72101F79500CFCC57 /* CHControllerContainerView.m */,
			);
			path = Container;
			sourceTree = "<group>";
		};
		21BDBEF521023FC500CFCC57 /* Data */ = {
			isa = PBXGroup;
			children = (
				21BDBEF621023FD000CFCC57 /* help1.pdf */,
				21BDBEFA2102413000CFCC57 /* help2.pdf */,
				21BDBEF82102411200CFCC57 /* help3.pdf */,
			);
			path = Data;
			sourceTree = "<group>";
		};
		7AD76CE5513791CAF6736625 /* Frameworks */ = {
			isa = PBXGroup;
			children = (
				A6A82DF8A0B9B34546D28F89 /* libPods-balance.a */,
			);
			name = Frameworks;
			sourceTree = "<group>";
		};
/* End PBXGroup section */

/* Begin PBXNativeTarget section */
		218849B120B17B450021BA95 /* balance */ = {
			isa = PBXNativeTarget;
			buildConfigurationList = 218849C820B17B470021BA95 /* Build configuration list for PBXNativeTarget "balance" */;
			buildPhases = (
				3183B4351EC44C20E2AA5676 /* [CP] Check Pods Manifest.lock */,
				218849AE20B17B450021BA95 /* Sources */,
				218849AF20B17B450021BA95 /* Frameworks */,
				218849B020B17B450021BA95 /* Resources */,
			);
			buildRules = (
			);
			dependencies = (
			);
			name = balance;
			productName = balance;
			productReference = 218849B220B17B450021BA95 /* balance.app */;
			productType = "com.apple.product-type.application";
		};
/* End PBXNativeTarget section */

/* Begin PBXProject section */
		218849AA20B17B450021BA95 /* Project object */ = {
			isa = PBXProject;
			attributes = {
				LastUpgradeCheck = 0930;
				ORGANIZATIONNAME = ZhangTino;
				TargetAttributes = {
					218849B120B17B450021BA95 = {
						CreatedOnToolsVersion = 9.3;
					};
				};
			};
			buildConfigurationList = 218849AD20B17B450021BA95 /* Build configuration list for PBXProject "balance" */;
			compatibilityVersion = "Xcode 9.3";
			developmentRegion = en;
			hasScannedForEncodings = 0;
			knownRegions = (
				en,
				Base,
			);
			mainGroup = 218849A920B17B450021BA95;
			productRefGroup = 218849B320B17B450021BA95 /* Products */;
			projectDirPath = "";
			projectRoot = "";
			targets = (
				218849B120B17B450021BA95 /* balance */,
			);
		};
/* End PBXProject section */

/* Begin PBXResourcesBuildPhase section */
		218849B020B17B450021BA95 /* Resources */ = {
			isa = PBXResourcesBuildPhase;
			buildActionMask = 2147483647;
			files = (
				218849C220B17B470021BA95 /* LaunchScreen.storyboard in Resources */,
				21BDBEF92102411200CFCC57 /* help3.pdf in Resources */,
				218849BF20B17B470021BA95 /* Assets.xcassets in Resources */,
				21884A0420B1E4C00021BA95 /* CHLocalizable.strings in Resources */,
				21BDBEF721023FD000CFCC57 /* help1.pdf in Resources */,
				218849BD20B17B450021BA95 /* Main.storyboard in Resources */,
				21BDBEFB2102413000CFCC57 /* help2.pdf in Resources */,
			);
			runOnlyForDeploymentPostprocessing = 0;
		};
/* End PBXResourcesBuildPhase section */

/* Begin PBXShellScriptBuildPhase section */
		3183B4351EC44C20E2AA5676 /* [CP] Check Pods Manifest.lock */ = {
			isa = PBXShellScriptBuildPhase;
			buildActionMask = 2147483647;
			files = (
			);
			inputPaths = (
				"${PODS_PODFILE_DIR_PATH}/Podfile.lock",
				"${PODS_ROOT}/Manifest.lock",
			);
			name = "[CP] Check Pods Manifest.lock";
			outputPaths = (
				"$(DERIVED_FILE_DIR)/Pods-balance-checkManifestLockResult.txt",
			);
			runOnlyForDeploymentPostprocessing = 0;
			shellPath = /bin/sh;
			shellScript = "diff \"${PODS_PODFILE_DIR_PATH}/Podfile.lock\" \"${PODS_ROOT}/Manifest.lock\" > /dev/null\nif [ $? != 0 ] ; then\n    # print error to STDERR\n    echo \"error: The sandbox is not in sync with the Podfile.lock. Run 'pod install' or update your CocoaPods installation.\" >&2\n    exit 1\nfi\n# This output is used by Xcode 'outputs' to avoid re-running this script phase.\necho \"SUCCESS\" > \"${SCRIPT_OUTPUT_FILE_0}\"\n";
			showEnvVarsInLog = 0;
		};
/* End PBXShellScriptBuildPhase section */

/* Begin PBXSourcesBuildPhase section */
		218849AE20B17B450021BA95 /* Sources */ = {
			isa = PBXSourcesBuildPhase;
			buildActionMask = 2147483647;
			files = (
				218849C520B17B470021BA95 /* main.m in Sources */,
				218C5E8920BE7CC000486265 /* CHBaseView.m in Sources */,
				218C5E9220BE7CC000486265 /* CHEquationManager.m in Sources */,
				218C5E8F20BE7CC000486265 /* UIFont+CHFonts.m in Sources */,
				21BDBED22101F60700CFCC57 /* CHContainerTopBar.m in Sources */,
				2120B61620DF38850079CC8D /* CHChemistryTableVC.m in Sources */,
				218C5E8A20BE7CC000486265 /* CHBaseCollectionViewCell.m in Sources */,
				218C5E9420BE7CC000486265 /* CHClickableElement.m in Sources */,
				218C5E8320BE7CC000486265 /* CHBalanceViewModel.m in Sources */,
				218C5E9120BE7CC000486265 /* UIColor+CHColors.m in Sources */,
				218C5E8420BE7CC000486265 /* CHEquationInputViewModel.m in Sources */,
				218C5E8C20BE7CC000486265 /* TopmostView.m in Sources */,
				218C5E8E20BE7CC000486265 /* UIImage+CHColors.m in Sources */,
				21BDBED82101F79500CFCC57 /* CHControllerContainerView.m in Sources */,
				218C5E8B20BE7CC000486265 /* CHBaseViewController.m in Sources */,
				21BDBECE2101F4C000CFCC57 /* CHHelpContainerViewController.m in Sources */,
				218C5E8520BE7CC000486265 /* CHChemistryCollectionViewCell.m in Sources */,
				218C5E9820BE861F00486265 /* CHEquationBalance.m in Sources */,
				218C5E8720BE7CC000486265 /* CHEquationInputView.m in Sources */,
				21BDBEDB2101F7FB00CFCC57 /* CHHelpViewController.m in Sources */,
				218C5E8D20BE7CC000486265 /* CHToast.m in Sources */,
				21EEF61220FDFCBE00B92300 /* GaussSeidelTool.cpp in Sources */,
				218C5E8620BE7CC000486265 /* CHBalanceViewController.m in Sources */,
				21BDBED52101F74800CFCC57 /* CHViewContainerView.m in Sources */,
				218C5E9320BE7CC000486265 /* CHEquationObj.m in Sources */,
				218C5E8820BE7CC000486265 /* CHBaseViewModel.m in Sources */,
				218849B720B17B450021BA95 /* AppDelegate.m in Sources */,
			);
			runOnlyForDeploymentPostprocessing = 0;
		};
/* End PBXSourcesBuildPhase section */

/* Begin PBXVariantGroup section */
		218849BB20B17B450021BA95 /* Main.storyboard */ = {
			isa = PBXVariantGroup;
			children = (
				218849BC20B17B450021BA95 /* Base */,
			);
			name = Main.storyboard;
			sourceTree = "<group>";
		};
		218849C020B17B470021BA95 /* LaunchScreen.storyboard */ = {
			isa = PBXVariantGroup;
			children = (
				218849C120B17B470021BA95 /* Base */,
			);
			name = LaunchScreen.storyboard;
			sourceTree = "<group>";
		};
/* End PBXVariantGroup section */

/* Begin XCBuildConfiguration section */
		218849C620B17B470021BA95 /* Debug */ = {
			isa = XCBuildConfiguration;
			buildSettings = {
				ALWAYS_SEARCH_USER_PATHS = NO;
				CLANG_ANALYZER_NONNULL = YES;
				CLANG_ANALYZER_NUMBER_OBJECT_CONVERSION = YES_AGGRESSIVE;
				CLANG_CXX_LANGUAGE_STANDARD = "gnu++14";
				CLANG_CXX_LIBRARY = "libc++";
				CLANG_ENABLE_MODULES = YES;
				CLANG_ENABLE_OBJC_ARC = YES;
				CLANG_ENABLE_OBJC_WEAK = YES;
				CLANG_WARN_BLOCK_CAPTURE_AUTORELEASING = YES;
				CLANG_WARN_BOOL_CONVERSION = YES;
				CLANG_WARN_COMMA = YES;
				CLANG_WARN_CONSTANT_CONVERSION = YES;
				CLANG_WARN_DEPRECATED_OBJC_IMPLEMENTATIONS = YES;
				CLANG_WARN_DIRECT_OBJC_ISA_USAGE = YES_ERROR;
				CLANG_WARN_DOCUMENTATION_COMMENTS = YES;
				CLANG_WARN_EMPTY_BODY = YES;
				CLANG_WARN_ENUM_CONVERSION = YES;
				CLANG_WARN_INFINITE_RECURSION = YES;
				CLANG_WARN_INT_CONVERSION = YES;
				CLANG_WARN_NON_LITERAL_NULL_CONVERSION = YES;
				CLANG_WARN_OBJC_IMPLICIT_RETAIN_SELF = YES;
				CLANG_WARN_OBJC_LITERAL_CONVERSION = YES;
				CLANG_WARN_OBJC_ROOT_CLASS = YES_ERROR;
				CLANG_WARN_RANGE_LOOP_ANALYSIS = YES;
				CLANG_WARN_STRICT_PROTOTYPES = YES;
				CLANG_WARN_SUSPICIOUS_MOVE = YES;
				CLANG_WARN_UNGUARDED_AVAILABILITY = YES_AGGRESSIVE;
				CLANG_WARN_UNREACHABLE_CODE = YES;
				CLANG_WARN__DUPLICATE_METHOD_MATCH = YES;
				CODE_SIGN_IDENTITY = "iPhone Developer";
				COPY_PHASE_STRIP = NO;
				DEBUG_INFORMATION_FORMAT = dwarf;
				ENABLE_STRICT_OBJC_MSGSEND = YES;
				ENABLE_TESTABILITY = YES;
				GCC_C_LANGUAGE_STANDARD = gnu11;
				GCC_DYNAMIC_NO_PIC = NO;
				GCC_NO_COMMON_BLOCKS = YES;
				GCC_OPTIMIZATION_LEVEL = 0;
				GCC_PREPROCESSOR_DEFINITIONS = (
					"DEBUG=1",
					"$(inherited)",
				);
				GCC_WARN_64_TO_32_BIT_CONVERSION = YES;
				GCC_WARN_ABOUT_RETURN_TYPE = YES_ERROR;
				GCC_WARN_UNDECLARED_SELECTOR = YES;
				GCC_WARN_UNINITIALIZED_AUTOS = YES_AGGRESSIVE;
				GCC_WARN_UNUSED_FUNCTION = YES;
				GCC_WARN_UNUSED_VARIABLE = YES;
				IPHONEOS_DEPLOYMENT_TARGET = 11.3;
				MTL_ENABLE_DEBUG_INFO = YES;
				ONLY_ACTIVE_ARCH = YES;
				SDKROOT = iphoneos;
			};
			name = Debug;
		};
		218849C720B17B470021BA95 /* Release */ = {
			isa = XCBuildConfiguration;
			buildSettings = {
				ALWAYS_SEARCH_USER_PATHS = NO;
				CLANG_ANALYZER_NONNULL = YES;
				CLANG_ANALYZER_NUMBER_OBJECT_CONVERSION = YES_AGGRESSIVE;
				CLANG_CXX_LANGUAGE_STANDARD = "gnu++14";
				CLANG_CXX_LIBRARY = "libc++";
				CLANG_ENABLE_MODULES = YES;
				CLANG_ENABLE_OBJC_ARC = YES;
				CLANG_ENABLE_OBJC_WEAK = YES;
				CLANG_WARN_BLOCK_CAPTURE_AUTORELEASING = YES;
				CLANG_WARN_BOOL_CONVERSION = YES;
				CLANG_WARN_COMMA = YES;
				CLANG_WARN_CONSTANT_CONVERSION = YES;
				CLANG_WARN_DEPRECATED_OBJC_IMPLEMENTATIONS = YES;
				CLANG_WARN_DIRECT_OBJC_ISA_USAGE = YES_ERROR;
				CLANG_WARN_DOCUMENTATION_COMMENTS = YES;
				CLANG_WARN_EMPTY_BODY = YES;
				CLANG_WARN_ENUM_CONVERSION = YES;
				CLANG_WARN_INFINITE_RECURSION = YES;
				CLANG_WARN_INT_CONVERSION = YES;
				CLANG_WARN_NON_LITERAL_NULL_CONVERSION = YES;
				CLANG_WARN_OBJC_IMPLICIT_RETAIN_SELF = YES;
				CLANG_WARN_OBJC_LITERAL_CONVERSION = YES;
				CLANG_WARN_OBJC_ROOT_CLASS = YES_ERROR;
				CLANG_WARN_RANGE_LOOP_ANALYSIS = YES;
				CLANG_WARN_STRICT_PROTOTYPES = YES;
				CLANG_WARN_SUSPICIOUS_MOVE = YES;
				CLANG_WARN_UNGUARDED_AVAILABILITY = YES_AGGRESSIVE;
				CLANG_WARN_UNREACHABLE_CODE = YES;
				CLANG_WARN__DUPLICATE_METHOD_MATCH = YES;
				CODE_SIGN_IDENTITY = "iPhone Developer";
				COPY_PHASE_STRIP = NO;
				DEBUG_INFORMATION_FORMAT = "dwarf-with-dsym";
				ENABLE_NS_ASSERTIONS = NO;
				ENABLE_STRICT_OBJC_MSGSEND = YES;
				GCC_C_LANGUAGE_STANDARD = gnu11;
				GCC_NO_COMMON_BLOCKS = YES;
				GCC_WARN_64_TO_32_BIT_CONVERSION = YES;
				GCC_WARN_ABOUT_RETURN_TYPE = YES_ERROR;
				GCC_WARN_UNDECLARED_SELECTOR = YES;
				GCC_WARN_UNINITIALIZED_AUTOS = YES_AGGRESSIVE;
				GCC_WARN_UNUSED_FUNCTION = YES;
				GCC_WARN_UNUSED_VARIABLE = YES;
				IPHONEOS_DEPLOYMENT_TARGET = 11.3;
				MTL_ENABLE_DEBUG_INFO = NO;
				SDKROOT = iphoneos;
				VALIDATE_PRODUCT = YES;
			};
			name = Release;
		};
		218849C920B17B470021BA95 /* Debug */ = {
			isa = XCBuildConfiguration;
			baseConfigurationReference = DDEC3954E15E9918D03C459A /* Pods-balance.debug.xcconfig */;
			buildSettings = {
				ASSETCATALOG_COMPILER_APPICON_NAME = AppIcon;
				CODE_SIGN_STYLE = Automatic;
				DEVELOPMENT_TEAM = X48QDVA9T6;
				GCC_PREFIX_HEADER = "$SRCROOT/balance/balance-Prefix.pch";
				INFOPLIST_FILE = balance/Info.plist;
				IPHONEOS_DEPLOYMENT_TARGET = 8.0;
				LD_RUNPATH_SEARCH_PATHS = (
					"$(inherited)",
					"@executable_path/Frameworks",
				);
				PRODUCT_BUNDLE_IDENTIFIER = com.gby.balance;
				PRODUCT_NAME = "$(TARGET_NAME)";
				TARGETED_DEVICE_FAMILY = 2;
			};
			name = Debug;
		};
		218849CA20B17B470021BA95 /* Release */ = {
			isa = XCBuildConfiguration;
			baseConfigurationReference = 802C5E3FF81DB0651A59162F /* Pods-balance.release.xcconfig */;
			buildSettings = {
				ASSETCATALOG_COMPILER_APPICON_NAME = AppIcon;
				CODE_SIGN_STYLE = Automatic;
				DEVELOPMENT_TEAM = X48QDVA9T6;
				GCC_PREFIX_HEADER = "$SRCROOT/balance/balance-Prefix.pch";
				INFOPLIST_FILE = balance/Info.plist;
				IPHONEOS_DEPLOYMENT_TARGET = 8.0;
				LD_RUNPATH_SEARCH_PATHS = (
					"$(inherited)",
					"@executable_path/Frameworks",
				);
				PRODUCT_BUNDLE_IDENTIFIER = com.gby.balance;
				PRODUCT_NAME = "$(TARGET_NAME)";
				TARGETED_DEVICE_FAMILY = 2;
			};
			name = Release;
		};
/* End XCBuildConfiguration section */

/* Begin XCConfigurationList section */
		218849AD20B17B450021BA95 /* Build configuration list for PBXProject "balance" */ = {
			isa = XCConfigurationList;
			buildConfigurations = (
				218849C620B17B470021BA95 /* Debug */,
				218849C720B17B470021BA95 /* Release */,
			);
			defaultConfigurationIsVisible = 0;
			defaultConfigurationName = Release;
		};
		218849C820B17B470021BA95 /* Build configuration list for PBXNativeTarget "balance" */ = {
			isa = XCConfigurationList;
			buildConfigurations = (
				218849C920B17B470021BA95 /* Debug */,
				218849CA20B17B470021BA95 /* Release */,
			);
			defaultConfigurationIsVisible = 0;
			defaultConfigurationName = Release;
		};
/* End XCConfigurationList section */
	};
	rootObject = 218849AA20B17B450021BA95 /* Project object */;
}
